
Microsoft Visual Studio Solution File, Format Version 12.00
# Visual Studio Version 16
VisualStudioVersion = 16.0.32413.511
MinimumVisualStudioVersion = 10.0.40219.1
Project("{FAE04EC0-301F-11D3-BF4B-00C04F79EFBC}") = "Task_1", "Task_1.csproj", "{CC213771-9F76-479D-BB9E-274DC5A4FBB4}"
EndProject
Project("{FAE04EC0-301F-11D3-BF4B-00C04F79EFBC}") = "Task_2", "..\Task_2\Task_2.csproj", "{834B1985-9933-4810-9838-317167359C08}"
EndProject
Global
	GlobalSection(SolutionConfigurationPlatforms) = preSolution
		Debug|Any CPU = Debug|Any CPU
		Release|Any CPU = Release|Any CPU
	EndGlobalSection
	GlobalSection(ProjectConfigurationPlatforms) = postSolution
		{CC213771-9F76-479D-BB9E-274DC5A4FBB4}.Debug|Any CPU.ActiveCfg = Debug|Any CPU
		{CC213771-9F76-479D-BB9E-274DC5A4FBB4}.Debug|Any CPU.Build.0 = Debug|Any CPU
		{CC213771-9F76-479D-BB9E-274DC5A4FBB4}.Release|Any CPU.ActiveCfg = Release|Any CPU
		{CC213771-9F76-479D-BB9E-274DC5A4FBB4}.Release|Any CPU.Build.0 = Release|Any CPU
		{834B1985-9933-4810-9838-317167359C08}.Debug|Any CPU.ActiveCfg = Debug|Any CPU
		{834B1985-9933-4810-9838-317167359C08}.Debug|Any CPU.Build.0 = Debug|Any CPU
		{834B1985-9933-4810-9838-317167359C08}.Release|Any CPU.ActiveCfg = Release|Any CPU
		{834B1985-9933-4810-9838-317167359C08}.Release|Any CPU.Build.0 = Release|Any CPU
	EndGlobalSection
	GlobalSection(SolutionProperties) = preSolution
		HideSolutionNode = FALSE
	EndGlobalSection
	GlobalSection(ExtensibilityGlobals) = postSolution
		SolutionGuid = {BA37F578-66AD-45E2-8A11-1A79850838C4}
	EndGlobalSection
EndGlobal
